// !$*UTF8*$!
{
	archiveVersion = 1;
	classes = {
	};
	objectVersion = 50;
	objects = {

/* Begin PBXBuildFile section */
		780AD0550CC89F3B4DD8E387 /* Pods_MatWebUnBUITests.framework in Frameworks */ = {isa = PBXBuildFile; fileRef = F8C9BAC7E35617AC1BF0CAB8 /* Pods_MatWebUnBUITests.framework */; };
		785F6713CEE1B6B96EBB0486 /* Pods_MatWebUnBTests.framework in Frameworks */ = {isa = PBXBuildFile; fileRef = 9B939C496AFBCF756BD76609 /* Pods_MatWebUnBTests.framework */; };
		8C19FEDCF559445880B1040B /* Pods_MatWebUnB.framework in Frameworks */ = {isa = PBXBuildFile; fileRef = 2AAB2F58C055CAA0D5631CBD /* Pods_MatWebUnB.framework */; };
		FD38AEAF20C193B000BB932D /* Feed.storyboard in Resources */ = {isa = PBXBuildFile; fileRef = FD38AEAE20C193B000BB932D /* Feed.storyboard */; };
		FD38AEB120C193C800BB932D /* Campus.storyboard in Resources */ = {isa = PBXBuildFile; fileRef = FD38AEB020C193C800BB932D /* Campus.storyboard */; };
		FD38AEB320C193D400BB932D /* Search.storyboard in Resources */ = {isa = PBXBuildFile; fileRef = FD38AEB220C193D400BB932D /* Search.storyboard */; };
		FD38AEB520C193ED00BB932D /* Registration.storyboard in Resources */ = {isa = PBXBuildFile; fileRef = FD38AEB420C193ED00BB932D /* Registration.storyboard */; };
		FD38AEB720C1944500BB932D /* Profile.storyboard in Resources */ = {isa = PBXBuildFile; fileRef = FD38AEB620C1944500BB932D /* Profile.storyboard */; };
		FD38AEBD20C1EC0200BB932D /* ProfileItemTableViewCell.swift in Sources */ = {isa = PBXBuildFile; fileRef = FD38AEBB20C1EC0200BB932D /* ProfileItemTableViewCell.swift */; };
		FD38AEBE20C1EC0200BB932D /* ProfileItemTableViewCell.xib in Resources */ = {isa = PBXBuildFile; fileRef = FD38AEBC20C1EC0200BB932D /* ProfileItemTableViewCell.xib */; };
		FD38AEC020C1ED2400BB932D /* ProfileHeaderView.swift in Sources */ = {isa = PBXBuildFile; fileRef = FD38AEBF20C1ED2400BB932D /* ProfileHeaderView.swift */; };
		FD38AEC220C1ED2C00BB932D /* ProfileHeaderView.xib in Resources */ = {isa = PBXBuildFile; fileRef = FD38AEC120C1ED2C00BB932D /* ProfileHeaderView.xib */; };
		FD38AEC420C1F4E000BB932D /* ProfileViewModel.swift in Sources */ = {isa = PBXBuildFile; fileRef = FD38AEC320C1F4E000BB932D /* ProfileViewModel.swift */; };
		FD38AEC620C1F4ED00BB932D /* ProfileViewController.swift in Sources */ = {isa = PBXBuildFile; fileRef = FD38AEC520C1F4ED00BB932D /* ProfileViewController.swift */; };
		FDDA203F2092A578008C932F /* AppDelegate.swift in Sources */ = {isa = PBXBuildFile; fileRef = FDDA203E2092A578008C932F /* AppDelegate.swift */; };
		FDDA20442092A578008C932F /* Main.storyboard in Resources */ = {isa = PBXBuildFile; fileRef = FDDA20422092A578008C932F /* Main.storyboard */; };
		FDDA20472092A578008C932F /* MatWebUnB.xcdatamodeld in Sources */ = {isa = PBXBuildFile; fileRef = FDDA20452092A578008C932F /* MatWebUnB.xcdatamodeld */; };
		FDDA20492092A57C008C932F /* Assets.xcassets in Resources */ = {isa = PBXBuildFile; fileRef = FDDA20482092A57C008C932F /* Assets.xcassets */; };
		FDDA204C2092A57C008C932F /* LaunchScreen.storyboard in Resources */ = {isa = PBXBuildFile; fileRef = FDDA204A2092A57C008C932F /* LaunchScreen.storyboard */; };
		FDDA20572092A57C008C932F /* MatWebUnBTests.swift in Sources */ = {isa = PBXBuildFile; fileRef = FDDA20562092A57C008C932F /* MatWebUnBTests.swift */; };
		FDDA20622092A57C008C932F /* MatWebUnBUITests.swift in Sources */ = {isa = PBXBuildFile; fileRef = FDDA20612092A57C008C932F /* MatWebUnBUITests.swift */; };
/* End PBXBuildFile section */

/* Begin PBXContainerItemProxy section */
		FDDA20532092A57C008C932F /* PBXContainerItemProxy */ = {
			isa = PBXContainerItemProxy;
			containerPortal = FDDA20332092A578008C932F /* Project object */;
			proxyType = 1;
			remoteGlobalIDString = FDDA203A2092A578008C932F;
			remoteInfo = MatWebUnB;
		};
		FDDA205E2092A57C008C932F /* PBXContainerItemProxy */ = {
			isa = PBXContainerItemProxy;
			containerPortal = FDDA20332092A578008C932F /* Project object */;
			proxyType = 1;
			remoteGlobalIDString = FDDA203A2092A578008C932F;
			remoteInfo = MatWebUnB;
		};
/* End PBXContainerItemProxy section */

/* Begin PBXFileReference section */
		0102054E5E41874FBC53EEC4 /* Pods-MatWebUnB.release.xcconfig */ = {isa = PBXFileReference; includeInIndex = 1; lastKnownFileType = text.xcconfig; name = "Pods-MatWebUnB.release.xcconfig"; path = "Pods/Target Support Files/Pods-MatWebUnB/Pods-MatWebUnB.release.xcconfig"; sourceTree = "<group>"; };
		2AAB2F58C055CAA0D5631CBD /* Pods_MatWebUnB.framework */ = {isa = PBXFileReference; explicitFileType = wrapper.framework; includeInIndex = 0; path = Pods_MatWebUnB.framework; sourceTree = BUILT_PRODUCTS_DIR; };
		3312EFF346EA0558CBD2DB9F /* Pods-MatWebUnBUITests.release.xcconfig */ = {isa = PBXFileReference; includeInIndex = 1; lastKnownFileType = text.xcconfig; name = "Pods-MatWebUnBUITests.release.xcconfig"; path = "Pods/Target Support Files/Pods-MatWebUnBUITests/Pods-MatWebUnBUITests.release.xcconfig"; sourceTree = "<group>"; };
		89320FBE44CCBAD4F1D171FC /* Pods-MatWebUnBTests.release.xcconfig */ = {isa = PBXFileReference; includeInIndex = 1; lastKnownFileType = text.xcconfig; name = "Pods-MatWebUnBTests.release.xcconfig"; path = "Pods/Target Support Files/Pods-MatWebUnBTests/Pods-MatWebUnBTests.release.xcconfig"; sourceTree = "<group>"; };
		89742356BFED1FB53BDAE249 /* Pods-MatWebUnB.debug.xcconfig */ = {isa = PBXFileReference; includeInIndex = 1; lastKnownFileType = text.xcconfig; name = "Pods-MatWebUnB.debug.xcconfig"; path = "Pods/Target Support Files/Pods-MatWebUnB/Pods-MatWebUnB.debug.xcconfig"; sourceTree = "<group>"; };
		9B939C496AFBCF756BD76609 /* Pods_MatWebUnBTests.framework */ = {isa = PBXFileReference; explicitFileType = wrapper.framework; includeInIndex = 0; path = Pods_MatWebUnBTests.framework; sourceTree = BUILT_PRODUCTS_DIR; };
		C8DABD354B31B5F647C3F7E7 /* Pods-MatWebUnBTests.debug.xcconfig */ = {isa = PBXFileReference; includeInIndex = 1; lastKnownFileType = text.xcconfig; name = "Pods-MatWebUnBTests.debug.xcconfig"; path = "Pods/Target Support Files/Pods-MatWebUnBTests/Pods-MatWebUnBTests.debug.xcconfig"; sourceTree = "<group>"; };
		D763AEDD701E60C9D42A76B3 /* Pods-MatWebUnBUITests.debug.xcconfig */ = {isa = PBXFileReference; includeInIndex = 1; lastKnownFileType = text.xcconfig; name = "Pods-MatWebUnBUITests.debug.xcconfig"; path = "Pods/Target Support Files/Pods-MatWebUnBUITests/Pods-MatWebUnBUITests.debug.xcconfig"; sourceTree = "<group>"; };
		F8C9BAC7E35617AC1BF0CAB8 /* Pods_MatWebUnBUITests.framework */ = {isa = PBXFileReference; explicitFileType = wrapper.framework; includeInIndex = 0; path = Pods_MatWebUnBUITests.framework; sourceTree = BUILT_PRODUCTS_DIR; };
		FD38AEAE20C193B000BB932D /* Feed.storyboard */ = {isa = PBXFileReference; lastKnownFileType = file.storyboard; path = Feed.storyboard; sourceTree = "<group>"; };
		FD38AEB020C193C800BB932D /* Campus.storyboard */ = {isa = PBXFileReference; lastKnownFileType = file.storyboard; path = Campus.storyboard; sourceTree = "<group>"; };
		FD38AEB220C193D400BB932D /* Search.storyboard */ = {isa = PBXFileReference; lastKnownFileType = file.storyboard; path = Search.storyboard; sourceTree = "<group>"; };
		FD38AEB420C193ED00BB932D /* Registration.storyboard */ = {isa = PBXFileReference; lastKnownFileType = file.storyboard; path = Registration.storyboard; sourceTree = "<group>"; };
		FD38AEB620C1944500BB932D /* Profile.storyboard */ = {isa = PBXFileReference; lastKnownFileType = file.storyboard; path = Profile.storyboard; sourceTree = "<group>"; };
		FD38AEBB20C1EC0200BB932D /* ProfileItemTableViewCell.swift */ = {isa = PBXFileReference; lastKnownFileType = sourcecode.swift; path = ProfileItemTableViewCell.swift; sourceTree = "<group>"; };
		FD38AEBC20C1EC0200BB932D /* ProfileItemTableViewCell.xib */ = {isa = PBXFileReference; lastKnownFileType = file.xib; path = ProfileItemTableViewCell.xib; sourceTree = "<group>"; };
		FD38AEBF20C1ED2400BB932D /* ProfileHeaderView.swift */ = {isa = PBXFileReference; lastKnownFileType = sourcecode.swift; path = ProfileHeaderView.swift; sourceTree = "<group>"; };
		FD38AEC120C1ED2C00BB932D /* ProfileHeaderView.xib */ = {isa = PBXFileReference; lastKnownFileType = file.xib; path = ProfileHeaderView.xib; sourceTree = "<group>"; };
		FD38AEC320C1F4E000BB932D /* ProfileViewModel.swift */ = {isa = PBXFileReference; lastKnownFileType = sourcecode.swift; path = ProfileViewModel.swift; sourceTree = "<group>"; };
		FD38AEC520C1F4ED00BB932D /* ProfileViewController.swift */ = {isa = PBXFileReference; lastKnownFileType = sourcecode.swift; path = ProfileViewController.swift; sourceTree = "<group>"; };
		FDDA203B2092A578008C932F /* MatWebUnB.app */ = {isa = PBXFileReference; explicitFileType = wrapper.application; includeInIndex = 0; path = MatWebUnB.app; sourceTree = BUILT_PRODUCTS_DIR; };
		FDDA203E2092A578008C932F /* AppDelegate.swift */ = {isa = PBXFileReference; lastKnownFileType = sourcecode.swift; path = AppDelegate.swift; sourceTree = "<group>"; };
		FDDA20432092A578008C932F /* Base */ = {isa = PBXFileReference; lastKnownFileType = file.storyboard; name = Base; path = Base.lproj/Main.storyboard; sourceTree = "<group>"; };
		FDDA20462092A578008C932F /* MatWebUnB.xcdatamodel */ = {isa = PBXFileReference; lastKnownFileType = wrapper.xcdatamodel; path = MatWebUnB.xcdatamodel; sourceTree = "<group>"; };
		FDDA20482092A57C008C932F /* Assets.xcassets */ = {isa = PBXFileReference; lastKnownFileType = folder.assetcatalog; path = Assets.xcassets; sourceTree = "<group>"; };
		FDDA204B2092A57C008C932F /* Base */ = {isa = PBXFileReference; lastKnownFileType = file.storyboard; name = Base; path = Base.lproj/LaunchScreen.storyboard; sourceTree = "<group>"; };
		FDDA204D2092A57C008C932F /* Info.plist */ = {isa = PBXFileReference; lastKnownFileType = text.plist.xml; path = Info.plist; sourceTree = "<group>"; };
		FDDA20522092A57C008C932F /* MatWebUnBTests.xctest */ = {isa = PBXFileReference; explicitFileType = wrapper.cfbundle; includeInIndex = 0; path = MatWebUnBTests.xctest; sourceTree = BUILT_PRODUCTS_DIR; };
		FDDA20562092A57C008C932F /* MatWebUnBTests.swift */ = {isa = PBXFileReference; lastKnownFileType = sourcecode.swift; path = MatWebUnBTests.swift; sourceTree = "<group>"; };
		FDDA20582092A57C008C932F /* Info.plist */ = {isa = PBXFileReference; lastKnownFileType = text.plist.xml; path = Info.plist; sourceTree = "<group>"; };
		FDDA205D2092A57C008C932F /* MatWebUnBUITests.xctest */ = {isa = PBXFileReference; explicitFileType = wrapper.cfbundle; includeInIndex = 0; path = MatWebUnBUITests.xctest; sourceTree = BUILT_PRODUCTS_DIR; };
		FDDA20612092A57C008C932F /* MatWebUnBUITests.swift */ = {isa = PBXFileReference; lastKnownFileType = sourcecode.swift; path = MatWebUnBUITests.swift; sourceTree = "<group>"; };
		FDDA20632092A57C008C932F /* Info.plist */ = {isa = PBXFileReference; lastKnownFileType = text.plist.xml; path = Info.plist; sourceTree = "<group>"; };
/* End PBXFileReference section */

/* Begin PBXFrameworksBuildPhase section */
		FDDA20382092A578008C932F /* Frameworks */ = {
			isa = PBXFrameworksBuildPhase;
			buildActionMask = 2147483647;
			files = (
				8C19FEDCF559445880B1040B /* Pods_MatWebUnB.framework in Frameworks */,
			);
			runOnlyForDeploymentPostprocessing = 0;
		};
		FDDA204F2092A57C008C932F /* Frameworks */ = {
			isa = PBXFrameworksBuildPhase;
			buildActionMask = 2147483647;
			files = (
				785F6713CEE1B6B96EBB0486 /* Pods_MatWebUnBTests.framework in Frameworks */,
			);
			runOnlyForDeploymentPostprocessing = 0;
		};
		FDDA205A2092A57C008C932F /* Frameworks */ = {
			isa = PBXFrameworksBuildPhase;
			buildActionMask = 2147483647;
			files = (
				780AD0550CC89F3B4DD8E387 /* Pods_MatWebUnBUITests.framework in Frameworks */,
			);
			runOnlyForDeploymentPostprocessing = 0;
		};
/* End PBXFrameworksBuildPhase section */

/* Begin PBXGroup section */
		97FB77E9F2B9E1DE886A1277 /* Frameworks */ = {
			isa = PBXGroup;
			children = (
				2AAB2F58C055CAA0D5631CBD /* Pods_MatWebUnB.framework */,
				9B939C496AFBCF756BD76609 /* Pods_MatWebUnBTests.framework */,
				F8C9BAC7E35617AC1BF0CAB8 /* Pods_MatWebUnBUITests.framework */,
			);
			name = Frameworks;
			sourceTree = "<group>";
		};
		DF83156829B6DB4939CF104E /* Pods */ = {
			isa = PBXGroup;
			children = (
				89742356BFED1FB53BDAE249 /* Pods-MatWebUnB.debug.xcconfig */,
				0102054E5E41874FBC53EEC4 /* Pods-MatWebUnB.release.xcconfig */,
				C8DABD354B31B5F647C3F7E7 /* Pods-MatWebUnBTests.debug.xcconfig */,
				89320FBE44CCBAD4F1D171FC /* Pods-MatWebUnBTests.release.xcconfig */,
				D763AEDD701E60C9D42A76B3 /* Pods-MatWebUnBUITests.debug.xcconfig */,
				3312EFF346EA0558CBD2DB9F /* Pods-MatWebUnBUITests.release.xcconfig */,
			);
			name = Pods;
			sourceTree = "<group>";
		};
		FD38AEB820C1EBBB00BB932D /* Cell */ = {
			isa = PBXGroup;
			children = (
				FD38AEBB20C1EC0200BB932D /* ProfileItemTableViewCell.swift */,
				FD38AEBC20C1EC0200BB932D /* ProfileItemTableViewCell.xib */,
			);
			path = Cell;
			sourceTree = "<group>";
		};
		FD38AEB920C1EBC700BB932D /* Header */ = {
			isa = PBXGroup;
			children = (
				FD38AEBF20C1ED2400BB932D /* ProfileHeaderView.swift */,
				FD38AEC120C1ED2C00BB932D /* ProfileHeaderView.xib */,
			);
			path = Header;
			sourceTree = "<group>";
		};
		FD38AEBA20C1EBD300BB932D /* Custom */ = {
			isa = PBXGroup;
			children = (
			);
			path = Custom;
			sourceTree = "<group>";
		};
		FD75E03E20AB5A9800762B50 /* Model */ = {
			isa = PBXGroup;
			children = (
				FDDA20452092A578008C932F /* MatWebUnB.xcdatamodeld */,
			);
			path = Model;
			sourceTree = "<group>";
		};
		FD75E03F20AB5AA500762B50 /* View */ = {
			isa = PBXGroup;
			children = (
				FD38AEBA20C1EBD300BB932D /* Custom */,
				FD38AEB920C1EBC700BB932D /* Header */,
				FD38AEB820C1EBBB00BB932D /* Cell */,
				FD75E04120AB5AB300762B50 /* Storyboard */,
			);
			path = View;
			sourceTree = "<group>";
		};
		FD75E04020AB5AA900762B50 /* ViewModel */ = {
			isa = PBXGroup;
			children = (
				FD38AEC320C1F4E000BB932D /* ProfileViewModel.swift */,
				FD38AEC520C1F4ED00BB932D /* ProfileViewController.swift */,
			);
			path = ViewModel;
			sourceTree = "<group>";
		};
		FD75E04120AB5AB300762B50 /* Storyboard */ = {
			isa = PBXGroup;
			children = (
				FDDA20422092A578008C932F /* Main.storyboard */,
				FD38AEB620C1944500BB932D /* Profile.storyboard */,
				FD38AEB420C193ED00BB932D /* Registration.storyboard */,
				FD38AEB220C193D400BB932D /* Search.storyboard */,
				FDDA204A2092A57C008C932F /* LaunchScreen.storyboard */,
				FD38AEAE20C193B000BB932D /* Feed.storyboard */,
				FD38AEB020C193C800BB932D /* Campus.storyboard */,
			);
			path = Storyboard;
			sourceTree = "<group>";
		};
		FD75E04220AB5ACA00762B50 /* Resources */ = {
			isa = PBXGroup;
			children = (
				FDDA204D2092A57C008C932F /* Info.plist */,
				FDDA20482092A57C008C932F /* Assets.xcassets */,
			);
			path = Resources;
			sourceTree = "<group>";
		};
		FDDA20322092A578008C932F = {
			isa = PBXGroup;
			children = (
				FDDA203D2092A578008C932F /* MatWebUnB */,
				FDDA20552092A57C008C932F /* MatWebUnBTests */,
				FDDA20602092A57C008C932F /* MatWebUnBUITests */,
				FDDA203C2092A578008C932F /* Products */,
				DF83156829B6DB4939CF104E /* Pods */,
				97FB77E9F2B9E1DE886A1277 /* Frameworks */,
			);
			sourceTree = "<group>";
		};
		FDDA203C2092A578008C932F /* Products */ = {
			isa = PBXGroup;
			children = (
				FDDA203B2092A578008C932F /* MatWebUnB.app */,
				FDDA20522092A57C008C932F /* MatWebUnBTests.xctest */,
				FDDA205D2092A57C008C932F /* MatWebUnBUITests.xctest */,
			);
			name = Products;
			sourceTree = "<group>";
		};
		FDDA203D2092A578008C932F /* MatWebUnB */ = {
			isa = PBXGroup;
			children = (
				FDDA203E2092A578008C932F /* AppDelegate.swift */,
				FD75E03E20AB5A9800762B50 /* Model */,
				FD75E03F20AB5AA500762B50 /* View */,
				FD75E04020AB5AA900762B50 /* ViewModel */,
				FD75E04220AB5ACA00762B50 /* Resources */,
			);
			path = MatWebUnB;
			sourceTree = "<group>";
		};
		FDDA20552092A57C008C932F /* MatWebUnBTests */ = {
			isa = PBXGroup;
			children = (
				FDDA20562092A57C008C932F /* MatWebUnBTests.swift */,
				FDDA20582092A57C008C932F /* Info.plist */,
			);
			path = MatWebUnBTests;
			sourceTree = "<group>";
		};
		FDDA20602092A57C008C932F /* MatWebUnBUITests */ = {
			isa = PBXGroup;
			children = (
				FDDA20612092A57C008C932F /* MatWebUnBUITests.swift */,
				FDDA20632092A57C008C932F /* Info.plist */,
			);
			path = MatWebUnBUITests;
			sourceTree = "<group>";
		};
/* End PBXGroup section */

/* Begin PBXNativeTarget section */
		FDDA203A2092A578008C932F /* MatWebUnB */ = {
			isa = PBXNativeTarget;
			buildConfigurationList = FDDA20662092A57C008C932F /* Build configuration list for PBXNativeTarget "MatWebUnB" */;
			buildPhases = (
				416579E356D494405CB251F8 /* [CP] Check Pods Manifest.lock */,
				FDDA20372092A578008C932F /* Sources */,
				FDDA20382092A578008C932F /* Frameworks */,
				FDDA20392092A578008C932F /* Resources */,
				E0B2A9A8E0AE4457B86082C5 /* [CP] Embed Pods Frameworks */,
				0A040E0EE52048F8D66618CF /* [CP] Copy Pods Resources */,
			);
			buildRules = (
			);
			dependencies = (
			);
			name = MatWebUnB;
			productName = MatWebUnB;
			productReference = FDDA203B2092A578008C932F /* MatWebUnB.app */;
			productType = "com.apple.product-type.application";
		};
		FDDA20512092A57C008C932F /* MatWebUnBTests */ = {
			isa = PBXNativeTarget;
			buildConfigurationList = FDDA20692092A57C008C932F /* Build configuration list for PBXNativeTarget "MatWebUnBTests" */;
			buildPhases = (
				AE5CECD6CB581F5A865DB37C /* [CP] Check Pods Manifest.lock */,
				FDDA204E2092A57C008C932F /* Sources */,
				FDDA204F2092A57C008C932F /* Frameworks */,
				FDDA20502092A57C008C932F /* Resources */,
				DCFD390A480C6A9037124058 /* [CP] Embed Pods Frameworks */,
				5D541394DEB2678170329DF3 /* [CP] Copy Pods Resources */,
			);
			buildRules = (
			);
			dependencies = (
				FDDA20542092A57C008C932F /* PBXTargetDependency */,
			);
			name = MatWebUnBTests;
			productName = MatWebUnBTests;
			productReference = FDDA20522092A57C008C932F /* MatWebUnBTests.xctest */;
			productType = "com.apple.product-type.bundle.unit-test";
		};
		FDDA205C2092A57C008C932F /* MatWebUnBUITests */ = {
			isa = PBXNativeTarget;
			buildConfigurationList = FDDA206C2092A57C008C932F /* Build configuration list for PBXNativeTarget "MatWebUnBUITests" */;
			buildPhases = (
				A1BC48059A5A0955C070FE5F /* [CP] Check Pods Manifest.lock */,
				FDDA20592092A57C008C932F /* Sources */,
				FDDA205A2092A57C008C932F /* Frameworks */,
				FDDA205B2092A57C008C932F /* Resources */,
				3CA92C91E32F573866F9AC23 /* [CP] Embed Pods Frameworks */,
				9318655F06BB02BA01A22A6F /* [CP] Copy Pods Resources */,
			);
			buildRules = (
			);
			dependencies = (
				FDDA205F2092A57C008C932F /* PBXTargetDependency */,
			);
			name = MatWebUnBUITests;
			productName = MatWebUnBUITests;
			productReference = FDDA205D2092A57C008C932F /* MatWebUnBUITests.xctest */;
			productType = "com.apple.product-type.bundle.ui-testing";
		};
/* End PBXNativeTarget section */

/* Begin PBXProject section */
		FDDA20332092A578008C932F /* Project object */ = {
			isa = PBXProject;
			attributes = {
				LastSwiftUpdateCheck = 0930;
				LastUpgradeCheck = 0930;
				ORGANIZATIONNAME = "Marcelly Luise";
				TargetAttributes = {
					FDDA203A2092A578008C932F = {
						CreatedOnToolsVersion = 9.3;
					};
					FDDA20512092A57C008C932F = {
						CreatedOnToolsVersion = 9.3;
						TestTargetID = FDDA203A2092A578008C932F;
					};
					FDDA205C2092A57C008C932F = {
						CreatedOnToolsVersion = 9.3;
						TestTargetID = FDDA203A2092A578008C932F;
					};
				};
			};
			buildConfigurationList = FDDA20362092A578008C932F /* Build configuration list for PBXProject "MatWebUnB" */;
			compatibilityVersion = "Xcode 9.3";
			developmentRegion = en;
			hasScannedForEncodings = 0;
			knownRegions = (
				en,
				Base,
			);
			mainGroup = FDDA20322092A578008C932F;
			productRefGroup = FDDA203C2092A578008C932F /* Products */;
			projectDirPath = "";
			projectRoot = "";
			targets = (
				FDDA203A2092A578008C932F /* MatWebUnB */,
				FDDA20512092A57C008C932F /* MatWebUnBTests */,
				FDDA205C2092A57C008C932F /* MatWebUnBUITests */,
			);
		};
/* End PBXProject section */

/* Begin PBXResourcesBuildPhase section */
		FDDA20392092A578008C932F /* Resources */ = {
			isa = PBXResourcesBuildPhase;
			buildActionMask = 2147483647;
			files = (
				FD38AEB120C193C800BB932D /* Campus.storyboard in Resources */,
				FDDA204C2092A57C008C932F /* LaunchScreen.storyboard in Resources */,
				FD38AEB720C1944500BB932D /* Profile.storyboard in Resources */,
				FDDA20492092A57C008C932F /* Assets.xcassets in Resources */,
				FD38AEB520C193ED00BB932D /* Registration.storyboard in Resources */,
				FD38AEBE20C1EC0200BB932D /* ProfileItemTableViewCell.xib in Resources */,
				FD38AEAF20C193B000BB932D /* Feed.storyboard in Resources */,
				FD38AEB320C193D400BB932D /* Search.storyboard in Resources */,
				FDDA20442092A578008C932F /* Main.storyboard in Resources */,
				FD38AEC220C1ED2C00BB932D /* ProfileHeaderView.xib in Resources */,
			);
			runOnlyForDeploymentPostprocessing = 0;
		};
		FDDA20502092A57C008C932F /* Resources */ = {
			isa = PBXResourcesBuildPhase;
			buildActionMask = 2147483647;
			files = (
			);
			runOnlyForDeploymentPostprocessing = 0;
		};
		FDDA205B2092A57C008C932F /* Resources */ = {
			isa = PBXResourcesBuildPhase;
			buildActionMask = 2147483647;
			files = (
			);
			runOnlyForDeploymentPostprocessing = 0;
		};
/* End PBXResourcesBuildPhase section */

/* Begin PBXShellScriptBuildPhase section */
		0A040E0EE52048F8D66618CF /* [CP] Copy Pods Resources */ = {
			isa = PBXShellScriptBuildPhase;
			buildActionMask = 2147483647;
			files = (
			);
			inputPaths = (
			);
			name = "[CP] Copy Pods Resources";
			outputPaths = (
			);
			runOnlyForDeploymentPostprocessing = 0;
			shellPath = /bin/sh;
			shellScript = "\"${SRCROOT}/Pods/Target Support Files/Pods-MatWebUnB/Pods-MatWebUnB-resources.sh\"\n";
			showEnvVarsInLog = 0;
		};
		3CA92C91E32F573866F9AC23 /* [CP] Embed Pods Frameworks */ = {
			isa = PBXShellScriptBuildPhase;
			buildActionMask = 2147483647;
			files = (
			);
			inputPaths = (
			);
			name = "[CP] Embed Pods Frameworks";
			outputPaths = (
			);
			runOnlyForDeploymentPostprocessing = 0;
			shellPath = /bin/sh;
			shellScript = "\"${SRCROOT}/Pods/Target Support Files/Pods-MatWebUnBUITests/Pods-MatWebUnBUITests-frameworks.sh\"\n";
			showEnvVarsInLog = 0;
		};
		416579E356D494405CB251F8 /* [CP] Check Pods Manifest.lock */ = {
			isa = PBXShellScriptBuildPhase;
			buildActionMask = 2147483647;
			files = (
			);
			inputPaths = (
				"${PODS_PODFILE_DIR_PATH}/Podfile.lock",
				"${PODS_ROOT}/Manifest.lock",
			);
			name = "[CP] Check Pods Manifest.lock";
			outputPaths = (
				"$(DERIVED_FILE_DIR)/Pods-MatWebUnB-checkManifestLockResult.txt",
			);
			runOnlyForDeploymentPostprocessing = 0;
			shellPath = /bin/sh;
			shellScript = "diff \"${PODS_PODFILE_DIR_PATH}/Podfile.lock\" \"${PODS_ROOT}/Manifest.lock\" > /dev/null\nif [ $? != 0 ] ; then\n    # print error to STDERR\n    echo \"error: The sandbox is not in sync with the Podfile.lock. Run 'pod install' or update your CocoaPods installation.\" >&2\n    exit 1\nfi\n# This output is used by Xcode 'outputs' to avoid re-running this script phase.\necho \"SUCCESS\" > \"${SCRIPT_OUTPUT_FILE_0}\"\n";
			showEnvVarsInLog = 0;
		};
		5D541394DEB2678170329DF3 /* [CP] Copy Pods Resources */ = {
			isa = PBXShellScriptBuildPhase;
			buildActionMask = 2147483647;
			files = (
			);
			inputPaths = (
			);
			name = "[CP] Copy Pods Resources";
			outputPaths = (
			);
			runOnlyForDeploymentPostprocessing = 0;
			shellPath = /bin/sh;
			shellScript = "\"${SRCROOT}/Pods/Target Support Files/Pods-MatWebUnBTests/Pods-MatWebUnBTests-resources.sh\"\n";
			showEnvVarsInLog = 0;
		};
		9318655F06BB02BA01A22A6F /* [CP] Copy Pods Resources */ = {
			isa = PBXShellScriptBuildPhase;
			buildActionMask = 2147483647;
			files = (
			);
			inputPaths = (
			);
			name = "[CP] Copy Pods Resources";
			outputPaths = (
			);
			runOnlyForDeploymentPostprocessing = 0;
			shellPath = /bin/sh;
			shellScript = "\"${SRCROOT}/Pods/Target Support Files/Pods-MatWebUnBUITests/Pods-MatWebUnBUITests-resources.sh\"\n";
			showEnvVarsInLog = 0;
		};
		A1BC48059A5A0955C070FE5F /* [CP] Check Pods Manifest.lock */ = {
			isa = PBXShellScriptBuildPhase;
			buildActionMask = 2147483647;
			files = (
			);
			inputPaths = (
				"${PODS_PODFILE_DIR_PATH}/Podfile.lock",
				"${PODS_ROOT}/Manifest.lock",
			);
			name = "[CP] Check Pods Manifest.lock";
			outputPaths = (
				"$(DERIVED_FILE_DIR)/Pods-MatWebUnBUITests-checkManifestLockResult.txt",
			);
			runOnlyForDeploymentPostprocessing = 0;
			shellPath = /bin/sh;
			shellScript = "diff \"${PODS_PODFILE_DIR_PATH}/Podfile.lock\" \"${PODS_ROOT}/Manifest.lock\" > /dev/null\nif [ $? != 0 ] ; then\n    # print error to STDERR\n    echo \"error: The sandbox is not in sync with the Podfile.lock. Run 'pod install' or update your CocoaPods installation.\" >&2\n    exit 1\nfi\n# This output is used by Xcode 'outputs' to avoid re-running this script phase.\necho \"SUCCESS\" > \"${SCRIPT_OUTPUT_FILE_0}\"\n";
			showEnvVarsInLog = 0;
		};
		AE5CECD6CB581F5A865DB37C /* [CP] Check Pods Manifest.lock */ = {
			isa = PBXShellScriptBuildPhase;
			buildActionMask = 2147483647;
			files = (
			);
			inputPaths = (
				"${PODS_PODFILE_DIR_PATH}/Podfile.lock",
				"${PODS_ROOT}/Manifest.lock",
			);
			name = "[CP] Check Pods Manifest.lock";
			outputPaths = (
				"$(DERIVED_FILE_DIR)/Pods-MatWebUnBTests-checkManifestLockResult.txt",
			);
			runOnlyForDeploymentPostprocessing = 0;
			shellPath = /bin/sh;
			shellScript = "diff \"${PODS_PODFILE_DIR_PATH}/Podfile.lock\" \"${PODS_ROOT}/Manifest.lock\" > /dev/null\nif [ $? != 0 ] ; then\n    # print error to STDERR\n    echo \"error: The sandbox is not in sync with the Podfile.lock. Run 'pod install' or update your CocoaPods installation.\" >&2\n    exit 1\nfi\n# This output is used by Xcode 'outputs' to avoid re-running this script phase.\necho \"SUCCESS\" > \"${SCRIPT_OUTPUT_FILE_0}\"\n";
			showEnvVarsInLog = 0;
		};
		DCFD390A480C6A9037124058 /* [CP] Embed Pods Frameworks */ = {
			isa = PBXShellScriptBuildPhase;
			buildActionMask = 2147483647;
			files = (
			);
			inputPaths = (
			);
			name = "[CP] Embed Pods Frameworks";
			outputPaths = (
			);
			runOnlyForDeploymentPostprocessing = 0;
			shellPath = /bin/sh;
			shellScript = "\"${SRCROOT}/Pods/Target Support Files/Pods-MatWebUnBTests/Pods-MatWebUnBTests-frameworks.sh\"\n";
			showEnvVarsInLog = 0;
		};
		E0B2A9A8E0AE4457B86082C5 /* [CP] Embed Pods Frameworks */ = {
			isa = PBXShellScriptBuildPhase;
			buildActionMask = 2147483647;
			files = (
			);
			inputPaths = (
				"${SRCROOT}/Pods/Target Support Files/Pods-MatWebUnB/Pods-MatWebUnB-frameworks.sh",
				"${BUILT_PRODUCTS_DIR}/SwifterSwift/SwifterSwift.framework",
			);
			name = "[CP] Embed Pods Frameworks";
			outputPaths = (
				"${TARGET_BUILD_DIR}/${FRAMEWORKS_FOLDER_PATH}/SwifterSwift.framework",
			);
			runOnlyForDeploymentPostprocessing = 0;
			shellPath = /bin/sh;
			shellScript = "\"${SRCROOT}/Pods/Target Support Files/Pods-MatWebUnB/Pods-MatWebUnB-frameworks.sh\"\n";
			showEnvVarsInLog = 0;
		};
/* End PBXShellScriptBuildPhase section */

/* Begin PBXSourcesBuildPhase section */
		FDDA20372092A578008C932F /* Sources */ = {
			isa = PBXSourcesBuildPhase;
			buildActionMask = 2147483647;
			files = (
				FD38AEC620C1F4ED00BB932D /* ProfileViewController.swift in Sources */,
				FD38AEBD20C1EC0200BB932D /* ProfileItemTableViewCell.swift in Sources */,
				FDDA20472092A578008C932F /* MatWebUnB.xcdatamodeld in Sources */,
				FDDA203F2092A578008C932F /* AppDelegate.swift in Sources */,
				FD38AEC020C1ED2400BB932D /* ProfileHeaderView.swift in Sources */,
				FD38AEC420C1F4E000BB932D /* ProfileViewModel.swift in Sources */,
			);
			runOnlyForDeploymentPostprocessing = 0;
		};
		FDDA204E2092A57C008C932F /* Sources */ = {
			isa = PBXSourcesBuildPhase;
			buildActionMask = 2147483647;
			files = (
				FDDA20572092A57C008C932F /* MatWebUnBTests.swift in Sources */,
			);
			runOnlyForDeploymentPostprocessing = 0;
		};
		FDDA20592092A57C008C932F /* Sources */ = {
			isa = PBXSourcesBuildPhase;
			buildActionMask = 2147483647;
			files = (
				FDDA20622092A57C008C932F /* MatWebUnBUITests.swift in Sources */,
			);
			runOnlyForDeploymentPostprocessing = 0;
		};
/* End PBXSourcesBuildPhase section */

/* Begin PBXTargetDependency section */
		FDDA20542092A57C008C932F /* PBXTargetDependency */ = {
			isa = PBXTargetDependency;
			target = FDDA203A2092A578008C932F /* MatWebUnB */;
			targetProxy = FDDA20532092A57C008C932F /* PBXContainerItemProxy */;
		};
		FDDA205F2092A57C008C932F /* PBXTargetDependency */ = {
			isa = PBXTargetDependency;
			target = FDDA203A2092A578008C932F /* MatWebUnB */;
			targetProxy = FDDA205E2092A57C008C932F /* PBXContainerItemProxy */;
		};
/* End PBXTargetDependency section */

/* Begin PBXVariantGroup section */
		FDDA20422092A578008C932F /* Main.storyboard */ = {
			isa = PBXVariantGroup;
			children = (
				FDDA20432092A578008C932F /* Base */,
			);
			name = Main.storyboard;
			sourceTree = "<group>";
		};
		FDDA204A2092A57C008C932F /* LaunchScreen.storyboard */ = {
			isa = PBXVariantGroup;
			children = (
				FDDA204B2092A57C008C932F /* Base */,
			);
			name = LaunchScreen.storyboard;
			sourceTree = "<group>";
		};
/* End PBXVariantGroup section */

/* Begin XCBuildConfiguration section */
		FDDA20642092A57C008C932F /* Debug */ = {
			isa = XCBuildConfiguration;
			buildSettings = {
				ALWAYS_SEARCH_USER_PATHS = NO;
				CLANG_ANALYZER_NONNULL = YES;
				CLANG_ANALYZER_NUMBER_OBJECT_CONVERSION = YES_AGGRESSIVE;
				CLANG_CXX_LANGUAGE_STANDARD = "gnu++14";
				CLANG_CXX_LIBRARY = "libc++";
				CLANG_ENABLE_MODULES = YES;
				CLANG_ENABLE_OBJC_ARC = YES;
				CLANG_ENABLE_OBJC_WEAK = YES;
				CLANG_WARN_BLOCK_CAPTURE_AUTORELEASING = YES;
				CLANG_WARN_BOOL_CONVERSION = YES;
				CLANG_WARN_COMMA = YES;
				CLANG_WARN_CONSTANT_CONVERSION = YES;
				CLANG_WARN_DEPRECATED_OBJC_IMPLEMENTATIONS = YES;
				CLANG_WARN_DIRECT_OBJC_ISA_USAGE = YES_ERROR;
				CLANG_WARN_DOCUMENTATION_COMMENTS = YES;
				CLANG_WARN_EMPTY_BODY = YES;
				CLANG_WARN_ENUM_CONVERSION = YES;
				CLANG_WARN_INFINITE_RECURSION = YES;
				CLANG_WARN_INT_CONVERSION = YES;
				CLANG_WARN_NON_LITERAL_NULL_CONVERSION = YES;
				CLANG_WARN_OBJC_IMPLICIT_RETAIN_SELF = YES;
				CLANG_WARN_OBJC_LITERAL_CONVERSION = YES;
				CLANG_WARN_OBJC_ROOT_CLASS = YES_ERROR;
				CLANG_WARN_RANGE_LOOP_ANALYSIS = YES;
				CLANG_WARN_STRICT_PROTOTYPES = YES;
				CLANG_WARN_SUSPICIOUS_MOVE = YES;
				CLANG_WARN_UNGUARDED_AVAILABILITY = YES_AGGRESSIVE;
				CLANG_WARN_UNREACHABLE_CODE = YES;
				CLANG_WARN__DUPLICATE_METHOD_MATCH = YES;
				CODE_SIGN_IDENTITY = "iPhone Developer";
				COPY_PHASE_STRIP = NO;
				DEBUG_INFORMATION_FORMAT = dwarf;
				ENABLE_STRICT_OBJC_MSGSEND = YES;
				ENABLE_TESTABILITY = YES;
				GCC_C_LANGUAGE_STANDARD = gnu11;
				GCC_DYNAMIC_NO_PIC = NO;
				GCC_NO_COMMON_BLOCKS = YES;
				GCC_OPTIMIZATION_LEVEL = 0;
				GCC_PREPROCESSOR_DEFINITIONS = (
					"DEBUG=1",
					"$(inherited)",
				);
				GCC_WARN_64_TO_32_BIT_CONVERSION = YES;
				GCC_WARN_ABOUT_RETURN_TYPE = YES_ERROR;
				GCC_WARN_UNDECLARED_SELECTOR = YES;
				GCC_WARN_UNINITIALIZED_AUTOS = YES_AGGRESSIVE;
				GCC_WARN_UNUSED_FUNCTION = YES;
				GCC_WARN_UNUSED_VARIABLE = YES;
				IPHONEOS_DEPLOYMENT_TARGET = 11.3;
				MTL_ENABLE_DEBUG_INFO = YES;
				ONLY_ACTIVE_ARCH = YES;
				SDKROOT = iphoneos;
				SWIFT_ACTIVE_COMPILATION_CONDITIONS = DEBUG;
				SWIFT_OPTIMIZATION_LEVEL = "-Onone";
			};
			name = Debug;
		};
		FDDA20652092A57C008C932F /* Release */ = {
			isa = XCBuildConfiguration;
			buildSettings = {
				ALWAYS_SEARCH_USER_PATHS = NO;
				CLANG_ANALYZER_NONNULL = YES;
				CLANG_ANALYZER_NUMBER_OBJECT_CONVERSION = YES_AGGRESSIVE;
				CLANG_CXX_LANGUAGE_STANDARD = "gnu++14";
				CLANG_CXX_LIBRARY = "libc++";
				CLANG_ENABLE_MODULES = YES;
				CLANG_ENABLE_OBJC_ARC = YES;
				CLANG_ENABLE_OBJC_WEAK = YES;
				CLANG_WARN_BLOCK_CAPTURE_AUTORELEASING = YES;
				CLANG_WARN_BOOL_CONVERSION = YES;
				CLANG_WARN_COMMA = YES;
				CLANG_WARN_CONSTANT_CONVERSION = YES;
				CLANG_WARN_DEPRECATED_OBJC_IMPLEMENTATIONS = YES;
				CLANG_WARN_DIRECT_OBJC_ISA_USAGE = YES_ERROR;
				CLANG_WARN_DOCUMENTATION_COMMENTS = YES;
				CLANG_WARN_EMPTY_BODY = YES;
				CLANG_WARN_ENUM_CONVERSION = YES;
				CLANG_WARN_INFINITE_RECURSION = YES;
				CLANG_WARN_INT_CONVERSION = YES;
				CLANG_WARN_NON_LITERAL_NULL_CONVERSION = YES;
				CLANG_WARN_OBJC_IMPLICIT_RETAIN_SELF = YES;
				CLANG_WARN_OBJC_LITERAL_CONVERSION = YES;
				CLANG_WARN_OBJC_ROOT_CLASS = YES_ERROR;
				CLANG_WARN_RANGE_LOOP_ANALYSIS = YES;
				CLANG_WARN_STRICT_PROTOTYPES = YES;
				CLANG_WARN_SUSPICIOUS_MOVE = YES;
				CLANG_WARN_UNGUARDED_AVAILABILITY = YES_AGGRESSIVE;
				CLANG_WARN_UNREACHABLE_CODE = YES;
				CLANG_WARN__DUPLICATE_METHOD_MATCH = YES;
				CODE_SIGN_IDENTITY = "iPhone Developer";
				COPY_PHASE_STRIP = NO;
				DEBUG_INFORMATION_FORMAT = "dwarf-with-dsym";
				ENABLE_NS_ASSERTIONS = NO;
				ENABLE_STRICT_OBJC_MSGSEND = YES;
				GCC_C_LANGUAGE_STANDARD = gnu11;
				GCC_NO_COMMON_BLOCKS = YES;
				GCC_WARN_64_TO_32_BIT_CONVERSION = YES;
				GCC_WARN_ABOUT_RETURN_TYPE = YES_ERROR;
				GCC_WARN_UNDECLARED_SELECTOR = YES;
				GCC_WARN_UNINITIALIZED_AUTOS = YES_AGGRESSIVE;
				GCC_WARN_UNUSED_FUNCTION = YES;
				GCC_WARN_UNUSED_VARIABLE = YES;
				IPHONEOS_DEPLOYMENT_TARGET = 11.3;
				MTL_ENABLE_DEBUG_INFO = NO;
				SDKROOT = iphoneos;
				SWIFT_COMPILATION_MODE = wholemodule;
				SWIFT_OPTIMIZATION_LEVEL = "-O";
				VALIDATE_PRODUCT = YES;
			};
			name = Release;
		};
		FDDA20672092A57C008C932F /* Debug */ = {
			isa = XCBuildConfiguration;
			baseConfigurationReference = 89742356BFED1FB53BDAE249 /* Pods-MatWebUnB.debug.xcconfig */;
			buildSettings = {
				ASSETCATALOG_COMPILER_APPICON_NAME = AppIcon;
				CODE_SIGN_STYLE = Automatic;
				DEVELOPMENT_TEAM = M368ZHZCHV;
				INFOPLIST_FILE = MatWebUnB/Info.plist;
				LD_RUNPATH_SEARCH_PATHS = (
					"$(inherited)",
					"@executable_path/Frameworks",
				);
				PRODUCT_BUNDLE_IDENTIFIER = "IHC-UnB.MatWebUnB";
				PRODUCT_NAME = "$(TARGET_NAME)";
				SWIFT_VERSION = 4.0;
				TARGETED_DEVICE_FAMILY = "1,2";
			};
			name = Debug;
		};
		FDDA20682092A57C008C932F /* Release */ = {
			isa = XCBuildConfiguration;
			baseConfigurationReference = 0102054E5E41874FBC53EEC4 /* Pods-MatWebUnB.release.xcconfig */;
			buildSettings = {
				ASSETCATALOG_COMPILER_APPICON_NAME = AppIcon;
				CODE_SIGN_STYLE = Automatic;
				DEVELOPMENT_TEAM = M368ZHZCHV;
				INFOPLIST_FILE = MatWebUnB/Info.plist;
				LD_RUNPATH_SEARCH_PATHS = (
					"$(inherited)",
					"@executable_path/Frameworks",
				);
				PRODUCT_BUNDLE_IDENTIFIER = "IHC-UnB.MatWebUnB";
				PRODUCT_NAME = "$(TARGET_NAME)";
				SWIFT_VERSION = 4.0;
				TARGETED_DEVICE_FAMILY = "1,2";
			};
			name = Release;
		};
		FDDA206A2092A57C008C932F /* Debug */ = {
			isa = XCBuildConfiguration;
			baseConfigurationReference = C8DABD354B31B5F647C3F7E7 /* Pods-MatWebUnBTests.debug.xcconfig */;
			buildSettings = {
				ALWAYS_EMBED_SWIFT_STANDARD_LIBRARIES = YES;
				BUNDLE_LOADER = "$(TEST_HOST)";
				CODE_SIGN_STYLE = Automatic;
				DEVELOPMENT_TEAM = M368ZHZCHV;
				INFOPLIST_FILE = MatWebUnBTests/Info.plist;
				LD_RUNPATH_SEARCH_PATHS = (
					"$(inherited)",
					"@executable_path/Frameworks",
					"@loader_path/Frameworks",
				);
				PRODUCT_BUNDLE_IDENTIFIER = "IHC-UnB.MatWebUnBTests";
				PRODUCT_NAME = "$(TARGET_NAME)";
				SWIFT_VERSION = 4.0;
				TARGETED_DEVICE_FAMILY = "1,2";
				TEST_HOST = "$(BUILT_PRODUCTS_DIR)/MatWebUnB.app/MatWebUnB";
			};
			name = Debug;
		};
		FDDA206B2092A57C008C932F /* Release */ = {
			isa = XCBuildConfiguration;
			baseConfigurationReference = 89320FBE44CCBAD4F1D171FC /* Pods-MatWebUnBTests.release.xcconfig */;
			buildSettings = {
				ALWAYS_EMBED_SWIFT_STANDARD_LIBRARIES = YES;
				BUNDLE_LOADER = "$(TEST_HOST)";
				CODE_SIGN_STYLE = Automatic;
				DEVELOPMENT_TEAM = M368ZHZCHV;
				INFOPLIST_FILE = MatWebUnBTests/Info.plist;
				LD_RUNPATH_SEARCH_PATHS = (
					"$(inherited)",
					"@executable_path/Frameworks",
					"@loader_path/Frameworks",
				);
				PRODUCT_BUNDLE_IDENTIFIER = "IHC-UnB.MatWebUnBTests";
				PRODUCT_NAME = "$(TARGET_NAME)";
				SWIFT_VERSION = 4.0;
				TARGETED_DEVICE_FAMILY = "1,2";
				TEST_HOST = "$(BUILT_PRODUCTS_DIR)/MatWebUnB.app/MatWebUnB";
			};
			name = Release;
		};
		FDDA206D2092A57C008C932F /* Debug */ = {
			isa = XCBuildConfiguration;
			baseConfigurationReference = D763AEDD701E60C9D42A76B3 /* Pods-MatWebUnBUITests.debug.xcconfig */;
			buildSettings = {
				ALWAYS_EMBED_SWIFT_STANDARD_LIBRARIES = YES;
				CODE_SIGN_STYLE = Automatic;
				DEVELOPMENT_TEAM = M368ZHZCHV;
				INFOPLIST_FILE = MatWebUnBUITests/Info.plist;
				LD_RUNPATH_SEARCH_PATHS = (
					"$(inherited)",
					"@executable_path/Frameworks",
					"@loader_path/Frameworks",
				);
				PRODUCT_BUNDLE_IDENTIFIER = "IHC-UnB.MatWebUnBUITests";
				PRODUCT_NAME = "$(TARGET_NAME)";
				SWIFT_VERSION = 4.0;
				TARGETED_DEVICE_FAMILY = "1,2";
				TEST_TARGET_NAME = MatWebUnB;
			};
			name = Debug;
		};
		FDDA206E2092A57C008C932F /* Release */ = {
			isa = XCBuildConfiguration;
			baseConfigurationReference = 3312EFF346EA0558CBD2DB9F /* Pods-MatWebUnBUITests.release.xcconfig */;
			buildSettings = {
				ALWAYS_EMBED_SWIFT_STANDARD_LIBRARIES = YES;
				CODE_SIGN_STYLE = Automatic;
				DEVELOPMENT_TEAM = M368ZHZCHV;
				INFOPLIST_FILE = MatWebUnBUITests/Info.plist;
				LD_RUNPATH_SEARCH_PATHS = (
					"$(inherited)",
					"@executable_path/Frameworks",
					"@loader_path/Frameworks",
				);
				PRODUCT_BUNDLE_IDENTIFIER = "IHC-UnB.MatWebUnBUITests";
				PRODUCT_NAME = "$(TARGET_NAME)";
				SWIFT_VERSION = 4.0;
				TARGETED_DEVICE_FAMILY = "1,2";
				TEST_TARGET_NAME = MatWebUnB;
			};
			name = Release;
		};
/* End XCBuildConfiguration section */

/* Begin XCConfigurationList section */
		FDDA20362092A578008C932F /* Build configuration list for PBXProject "MatWebUnB" */ = {
			isa = XCConfigurationList;
			buildConfigurations = (
				FDDA20642092A57C008C932F /* Debug */,
				FDDA20652092A57C008C932F /* Release */,
			);
			defaultConfigurationIsVisible = 0;
			defaultConfigurationName = Release;
		};
		FDDA20662092A57C008C932F /* Build configuration list for PBXNativeTarget "MatWebUnB" */ = {
			isa = XCConfigurationList;
			buildConfigurations = (
				FDDA20672092A57C008C932F /* Debug */,
				FDDA20682092A57C008C932F /* Release */,
			);
			defaultConfigurationIsVisible = 0;
			defaultConfigurationName = Release;
		};
		FDDA20692092A57C008C932F /* Build configuration list for PBXNativeTarget "MatWebUnBTests" */ = {
			isa = XCConfigurationList;
			buildConfigurations = (
				FDDA206A2092A57C008C932F /* Debug */,
				FDDA206B2092A57C008C932F /* Release */,
			);
			defaultConfigurationIsVisible = 0;
			defaultConfigurationName = Release;
		};
		FDDA206C2092A57C008C932F /* Build configuration list for PBXNativeTarget "MatWebUnBUITests" */ = {
			isa = XCConfigurationList;
			buildConfigurations = (
				FDDA206D2092A57C008C932F /* Debug */,
				FDDA206E2092A57C008C932F /* Release */,
			);
			defaultConfigurationIsVisible = 0;
			defaultConfigurationName = Release;
		};
/* End XCConfigurationList section */

/* Begin XCVersionGroup section */
		FDDA20452092A578008C932F /* MatWebUnB.xcdatamodeld */ = {
			isa = XCVersionGroup;
			children = (
				FDDA20462092A578008C932F /* MatWebUnB.xcdatamodel */,
			);
			currentVersion = FDDA20462092A578008C932F /* MatWebUnB.xcdatamodel */;
			path = MatWebUnB.xcdatamodeld;
			sourceTree = "<group>";
			versionGroupType = wrapper.xcdatamodel;
		};
/* End XCVersionGroup section */
	};
	rootObject = FDDA20332092A578008C932F /* Project object */;
}
